
Microsoft Visual Studio Solution File, Format Version 12.00
# Visual Studio Version 16
VisualStudioVersion = 16.0.31410.357
MinimumVisualStudioVersion = 10.0.40219.1
Project("{9A19103F-16F7-4668-BE54-9A1E7A4F7556}") = "PlywoodViolin", "PlywoodViolin\PlywoodViolin.csproj", "{73EF3ABE-6C8C-4614-B956-0C2932BDCD96}"
EndProject
Project("{FAE04EC0-301F-11D3-BF4B-00C04F79EFBC}") = "PlywoodViolin.UnitTests", "PlywoodViolin.UnitTests\PlywoodViolin.UnitTests.csproj", "{66E3E767-19AC-4300-B9F7-93B11F362978}"
EndProject
Global
	GlobalSection(SolutionConfigurationPlatforms) = preSolution
		Debug|Any CPU = Debug|Any CPU
		Release|Any CPU = Release|Any CPU
	EndGlobalSection
	GlobalSection(ProjectConfigurationPlatforms) = postSolution
		{73EF3ABE-6C8C-4614-B956-0C2932BDCD96}.Debug|Any CPU.ActiveCfg = Debug|Any CPU
		{73EF3ABE-6C8C-4614-B956-0C2932BDCD96}.Debug|Any CPU.Build.0 = Debug|Any CPU
		{73EF3ABE-6C8C-4614-B956-0C2932BDCD96}.Release|Any CPU.ActiveCfg = Release|Any CPU
		{73EF3ABE-6C8C-4614-B956-0C2932BDCD96}.Release|Any CPU.Build.0 = Release|Any CPU
		{66E3E767-19AC-4300-B9F7-93B11F362978}.Debug|Any CPU.ActiveCfg = Debug|Any CPU
		{66E3E767-19AC-4300-B9F7-93B11F362978}.Debug|Any CPU.Build.0 = Debug|Any CPU
		{66E3E767-19AC-4300-B9F7-93B11F362978}.Release|Any CPU.ActiveCfg = Release|Any CPU
		{66E3E767-19AC-4300-B9F7-93B11F362978}.Release|Any CPU.Build.0 = Release|Any CPU
	EndGlobalSection
	GlobalSection(SolutionProperties) = preSolution
		HideSolutionNode = FALSE
	EndGlobalSection
	GlobalSection(ExtensibilityGlobals) = postSolution
		SolutionGuid = {83A11A80-B4BA-43DF-9D79-416E054F6B4C}
	EndGlobalSection
EndGlobal
