
Microsoft Visual Studio Solution File, Format Version 12.00
# Visual Studio Version 17
VisualStudioVersion = 17.10.35004.147
MinimumVisualStudioVersion = 10.0.40219.1
Project("{9A19103F-16F7-4668-BE54-9A1E7A4F7556}") = "PlywoodViolin", "src\PlywoodViolin\PlywoodViolin.csproj", "{E5E41968-2A41-4852-A76A-021D50779F8D}"
EndProject
Project("{9A19103F-16F7-4668-BE54-9A1E7A4F7556}") = "PlywoodViolin.UnitTests", "tests\PlywoodViolin.UnitTests\PlywoodViolin.UnitTests.csproj", "{8E2C308B-20B7-4451-885E-DA97C9E2DEBF}"
EndProject
Global
	GlobalSection(SolutionConfigurationPlatforms) = preSolution
		Debug|Any CPU = Debug|Any CPU
		Release|Any CPU = Release|Any CPU
	EndGlobalSection
	GlobalSection(ProjectConfigurationPlatforms) = postSolution
		{E5E41968-2A41-4852-A76A-021D50779F8D}.Debug|Any CPU.ActiveCfg = Debug|Any CPU
		{E5E41968-2A41-4852-A76A-021D50779F8D}.Debug|Any CPU.Build.0 = Debug|Any CPU
		{E5E41968-2A41-4852-A76A-021D50779F8D}.Release|Any CPU.ActiveCfg = Release|Any CPU
		{E5E41968-2A41-4852-A76A-021D50779F8D}.Release|Any CPU.Build.0 = Release|Any CPU
		{8E2C308B-20B7-4451-885E-DA97C9E2DEBF}.Debug|Any CPU.ActiveCfg = Debug|Any CPU
		{8E2C308B-20B7-4451-885E-DA97C9E2DEBF}.Debug|Any CPU.Build.0 = Debug|Any CPU
		{8E2C308B-20B7-4451-885E-DA97C9E2DEBF}.Release|Any CPU.ActiveCfg = Release|Any CPU
		{8E2C308B-20B7-4451-885E-DA97C9E2DEBF}.Release|Any CPU.Build.0 = Release|Any CPU
	EndGlobalSection
	GlobalSection(SolutionProperties) = preSolution
		HideSolutionNode = FALSE
	EndGlobalSection
	GlobalSection(ExtensibilityGlobals) = postSolution
		SolutionGuid = {83A11A80-B4BA-43DF-9D79-416E054F6B4C}
	EndGlobalSection
EndGlobal
